# This file is automatically @generated by Cargo.
# It is not intended for manual editing.
version = 3

[[package]]
name = "cryptopals"
version = "0.1.0"
dependencies = [
 "data-encoding",
]

[[package]]
name = "data-encoding"
version = "2.5.0"
source = "registry+https://github.com/rust-lang/crates.io-index"
checksum = "7e962a19be5cfc3f3bf6dd8f61eb50107f356ad6270fbb3ed41476571db78be5"
